
Microsoft Visual Studio Solution File, Format Version 12.00
# Visual Studio 15
VisualStudioVersion = 15.0.28307.106
MinimumVisualStudioVersion = 10.0.40219.1
Project("{888888A0-9F3D-457C-B088-3A5042F75D52}") = "8TRD149-Devoir1", "8TRD149-Devoir1\8TRD149-Devoir1.pyproj", "{522627AA-B9C4-42A6-8228-66692CD4E793}"
EndProject
Global
	GlobalSection(SolutionConfigurationPlatforms) = preSolution
		Debug|Any CPU = Debug|Any CPU
		Release|Any CPU = Release|Any CPU
	EndGlobalSection
	GlobalSection(ProjectConfigurationPlatforms) = postSolution
		{522627AA-B9C4-42A6-8228-66692CD4E793}.Debug|Any CPU.ActiveCfg = Debug|Any CPU
		{522627AA-B9C4-42A6-8228-66692CD4E793}.Release|Any CPU.ActiveCfg = Release|Any CPU
	EndGlobalSection
	GlobalSection(SolutionProperties) = preSolution
		HideSolutionNode = FALSE
	EndGlobalSection
	GlobalSection(ExtensibilityGlobals) = postSolution
		SolutionGuid = {7B91C3C4-EE48-434C-BF30-418DADE7A29F}
	EndGlobalSection
EndGlobal
